// !$*UTF8*$!
{
	archiveVersion = 1;
	classes = {
	};
	objectVersion = 55;
	objects = {

/* Begin PBXBuildFile section */
		15435830282F7355A9EDABB4 /* libPods-ToDo.a in Frameworks */ = {isa = PBXBuildFile; fileRef = EFBF37BFC3D75CDD7B6F0268 /* libPods-ToDo.a */; };
		CD13E68627BBD02A001BA95E /* ToDoApp.swift in Sources */ = {isa = PBXBuildFile; fileRef = CD13E68527BBD02A001BA95E /* ToDoApp.swift */; };
		CD13E68827BBD02A001BA95E /* ContentView.swift in Sources */ = {isa = PBXBuildFile; fileRef = CD13E68727BBD02A001BA95E /* ContentView.swift */; };
		CD13E68A27BBD02D001BA95E /* Assets.xcassets in Resources */ = {isa = PBXBuildFile; fileRef = CD13E68927BBD02D001BA95E /* Assets.xcassets */; };
		CD13E68D27BBD02D001BA95E /* Preview Assets.xcassets in Resources */ = {isa = PBXBuildFile; fileRef = CD13E68C27BBD02D001BA95E /* Preview Assets.xcassets */; };
		CD13E69727BBD09A001BA95E /* MyViewModel.swift in Sources */ = {isa = PBXBuildFile; fileRef = CD13E69627BBD09A001BA95E /* MyViewModel.swift */; };
		CD13E69927BBD0B4001BA95E /* MyModel.swift in Sources */ = {isa = PBXBuildFile; fileRef = CD13E69827BBD0B4001BA95E /* MyModel.swift */; };
		CD13E69B27BBD1EF001BA95E /* GoogleService-Info.plist in Resources */ = {isa = PBXBuildFile; fileRef = CD13E69A27BBD1EF001BA95E /* GoogleService-Info.plist */; };
/* End PBXBuildFile section */

/* Begin PBXFileReference section */
		A491B74DE99A37DE54BD24EE /* Pods-ToDo.debug.xcconfig */ = {isa = PBXFileReference; includeInIndex = 1; lastKnownFileType = text.xcconfig; name = "Pods-ToDo.debug.xcconfig"; path = "Target Support Files/Pods-ToDo/Pods-ToDo.debug.xcconfig"; sourceTree = "<group>"; };
		CC4ACA0F6B4AD9D7F5C68AA9 /* Pods-ToDo.release.xcconfig */ = {isa = PBXFileReference; includeInIndex = 1; lastKnownFileType = text.xcconfig; name = "Pods-ToDo.release.xcconfig"; path = "Target Support Files/Pods-ToDo/Pods-ToDo.release.xcconfig"; sourceTree = "<group>"; };
		CD13E68227BBD02A001BA95E /* ToDo.app */ = {isa = PBXFileReference; explicitFileType = wrapper.application; includeInIndex = 0; path = ToDo.app; sourceTree = BUILT_PRODUCTS_DIR; };
		CD13E68527BBD02A001BA95E /* ToDoApp.swift */ = {isa = PBXFileReference; lastKnownFileType = sourcecode.swift; path = ToDoApp.swift; sourceTree = "<group>"; };
		CD13E68727BBD02A001BA95E /* ContentView.swift */ = {isa = PBXFileReference; lastKnownFileType = sourcecode.swift; path = ContentView.swift; sourceTree = "<group>"; };
		CD13E68927BBD02D001BA95E /* Assets.xcassets */ = {isa = PBXFileReference; lastKnownFileType = folder.assetcatalog; path = Assets.xcassets; sourceTree = "<group>"; };
		CD13E68C27BBD02D001BA95E /* Preview Assets.xcassets */ = {isa = PBXFileReference; lastKnownFileType = folder.assetcatalog; path = "Preview Assets.xcassets"; sourceTree = "<group>"; };
		CD13E69627BBD09A001BA95E /* MyViewModel.swift */ = {isa = PBXFileReference; lastKnownFileType = sourcecode.swift; path = MyViewModel.swift; sourceTree = "<group>"; };
		CD13E69827BBD0B4001BA95E /* MyModel.swift */ = {isa = PBXFileReference; lastKnownFileType = sourcecode.swift; path = MyModel.swift; sourceTree = "<group>"; };
		CD13E69A27BBD1EF001BA95E /* GoogleService-Info.plist */ = {isa = PBXFileReference; fileEncoding = 4; lastKnownFileType = text.plist.xml; name = "GoogleService-Info.plist"; path = "../../../../Downloads/GoogleService-Info.plist"; sourceTree = "<group>"; };
		EFBF37BFC3D75CDD7B6F0268 /* libPods-ToDo.a */ = {isa = PBXFileReference; explicitFileType = archive.ar; includeInIndex = 0; path = "libPods-ToDo.a"; sourceTree = BUILT_PRODUCTS_DIR; };
/* End PBXFileReference section */

/* Begin PBXFrameworksBuildPhase section */
		CD13E67F27BBD02A001BA95E /* Frameworks */ = {
			isa = PBXFrameworksBuildPhase;
			buildActionMask = 2147483647;
			files = (
				15435830282F7355A9EDABB4 /* libPods-ToDo.a in Frameworks */,
			);
			runOnlyForDeploymentPostprocessing = 0;
		};
/* End PBXFrameworksBuildPhase section */

/* Begin PBXGroup section */
		060E055AF4591D2E2AD7B945 /* Frameworks */ = {
			isa = PBXGroup;
			children = (
				EFBF37BFC3D75CDD7B6F0268 /* libPods-ToDo.a */,
			);
			name = Frameworks;
			sourceTree = "<group>";
		};
		CD13E67927BBD02A001BA95E = {
			isa = PBXGroup;
			children = (
				CD13E68427BBD02A001BA95E /* ToDo */,
				CD13E68327BBD02A001BA95E /* Products */,
				FB9892BAE283E1A3C2420E04 /* Pods */,
				060E055AF4591D2E2AD7B945 /* Frameworks */,
			);
			sourceTree = "<group>";
		};
		CD13E68327BBD02A001BA95E /* Products */ = {
			isa = PBXGroup;
			children = (
				CD13E68227BBD02A001BA95E /* ToDo.app */,
			);
			name = Products;
			sourceTree = "<group>";
		};
		CD13E68427BBD02A001BA95E /* ToDo */ = {
			isa = PBXGroup;
			children = (
				CD13E69527BBD06D001BA95E /* ViewModel */,
				CD13E69427BBD060001BA95E /* Model */,
				CD13E69327BBD054001BA95E /* View */,
				CD13E68527BBD02A001BA95E /* ToDoApp.swift */,
				CD13E68927BBD02D001BA95E /* Assets.xcassets */,
				CD13E69A27BBD1EF001BA95E /* GoogleService-Info.plist */,
				CD13E68B27BBD02D001BA95E /* Preview Content */,
			);
			path = ToDo;
			sourceTree = "<group>";
		};
		CD13E68B27BBD02D001BA95E /* Preview Content */ = {
			isa = PBXGroup;
			children = (
				CD13E68C27BBD02D001BA95E /* Preview Assets.xcassets */,
			);
			path = "Preview Content";
			sourceTree = "<group>";
		};
		CD13E69327BBD054001BA95E /* View */ = {
			isa = PBXGroup;
			children = (
				CD13E68727BBD02A001BA95E /* ContentView.swift */,
			);
			path = View;
			sourceTree = "<group>";
		};
		CD13E69427BBD060001BA95E /* Model */ = {
			isa = PBXGroup;
			children = (
				CD13E69827BBD0B4001BA95E /* MyModel.swift */,
			);
			path = Model;
			sourceTree = "<group>";
		};
		CD13E69527BBD06D001BA95E /* ViewModel */ = {
			isa = PBXGroup;
			children = (
				CD13E69627BBD09A001BA95E /* MyViewModel.swift */,
			);
			path = ViewModel;
			sourceTree = "<group>";
		};
		FB9892BAE283E1A3C2420E04 /* Pods */ = {
			isa = PBXGroup;
			children = (
				A491B74DE99A37DE54BD24EE /* Pods-ToDo.debug.xcconfig */,
				CC4ACA0F6B4AD9D7F5C68AA9 /* Pods-ToDo.release.xcconfig */,
			);
			name = Pods;
			path = Pods;
			sourceTree = "<group>";
		};
/* End PBXGroup section */

/* Begin PBXNativeTarget section */
		CD13E68127BBD02A001BA95E /* ToDo */ = {
			isa = PBXNativeTarget;
			buildConfigurationList = CD13E69027BBD02D001BA95E /* Build configuration list for PBXNativeTarget "ToDo" */;
			buildPhases = (
				FAEA153045263D79EB60749C /* [CP] Check Pods Manifest.lock */,
				CD13E67E27BBD02A001BA95E /* Sources */,
				CD13E67F27BBD02A001BA95E /* Frameworks */,
				CD13E68027BBD02A001BA95E /* Resources */,
				37D1F47F4C1C974DB3782A19 /* [CP] Copy Pods Resources */,
			);
			buildRules = (
			);
			dependencies = (
			);
			name = ToDo;
			productName = ToDo;
			productReference = CD13E68227BBD02A001BA95E /* ToDo.app */;
			productType = "com.apple.product-type.application";
		};
/* End PBXNativeTarget section */

/* Begin PBXProject section */
		CD13E67A27BBD02A001BA95E /* Project object */ = {
			isa = PBXProject;
			attributes = {
				BuildIndependentTargetsInParallel = 1;
				LastSwiftUpdateCheck = 1320;
				LastUpgradeCheck = 1320;
				TargetAttributes = {
					CD13E68127BBD02A001BA95E = {
						CreatedOnToolsVersion = 13.2.1;
					};
				};
			};
			buildConfigurationList = CD13E67D27BBD02A001BA95E /* Build configuration list for PBXProject "ToDo" */;
			compatibilityVersion = "Xcode 13.0";
			developmentRegion = en;
			hasScannedForEncodings = 0;
			knownRegions = (
				en,
				Base,
			);
			mainGroup = CD13E67927BBD02A001BA95E;
			productRefGroup = CD13E68327BBD02A001BA95E /* Products */;
			projectDirPath = "";
			projectRoot = "";
			targets = (
				CD13E68127BBD02A001BA95E /* ToDo */,
			);
		};
/* End PBXProject section */

/* Begin PBXResourcesBuildPhase section */
		CD13E68027BBD02A001BA95E /* Resources */ = {
			isa = PBXResourcesBuildPhase;
			buildActionMask = 2147483647;
			files = (
				CD13E68D27BBD02D001BA95E /* Preview Assets.xcassets in Resources */,
				CD13E68A27BBD02D001BA95E /* Assets.xcassets in Resources */,
				CD13E69B27BBD1EF001BA95E /* GoogleService-Info.plist in Resources */,
			);
			runOnlyForDeploymentPostprocessing = 0;
		};
/* End PBXResourcesBuildPhase section */

/* Begin PBXShellScriptBuildPhase section */
		37D1F47F4C1C974DB3782A19 /* [CP] Copy Pods Resources */ = {
			isa = PBXShellScriptBuildPhase;
			buildActionMask = 2147483647;
			files = (
			);
			inputFileListPaths = (
				"${PODS_ROOT}/Target Support Files/Pods-ToDo/Pods-ToDo-resources-${CONFIGURATION}-input-files.xcfilelist",
			);
			name = "[CP] Copy Pods Resources";
			outputFileListPaths = (
				"${PODS_ROOT}/Target Support Files/Pods-ToDo/Pods-ToDo-resources-${CONFIGURATION}-output-files.xcfilelist",
			);
			runOnlyForDeploymentPostprocessing = 0;
			shellPath = /bin/sh;
			shellScript = "\"${PODS_ROOT}/Target Support Files/Pods-ToDo/Pods-ToDo-resources.sh\"\n";
			showEnvVarsInLog = 0;
		};
		FAEA153045263D79EB60749C /* [CP] Check Pods Manifest.lock */ = {
			isa = PBXShellScriptBuildPhase;
			buildActionMask = 2147483647;
			files = (
			);
			inputFileListPaths = (
			);
			inputPaths = (
				"${PODS_PODFILE_DIR_PATH}/Podfile.lock",
				"${PODS_ROOT}/Manifest.lock",
			);
			name = "[CP] Check Pods Manifest.lock";
			outputFileListPaths = (
			);
			outputPaths = (
				"$(DERIVED_FILE_DIR)/Pods-ToDo-checkManifestLockResult.txt",
			);
			runOnlyForDeploymentPostprocessing = 0;
			shellPath = /bin/sh;
			shellScript = "diff \"${PODS_PODFILE_DIR_PATH}/Podfile.lock\" \"${PODS_ROOT}/Manifest.lock\" > /dev/null\nif [ $? != 0 ] ; then\n    # print error to STDERR\n    echo \"error: The sandbox is not in sync with the Podfile.lock. Run 'pod install' or update your CocoaPods installation.\" >&2\n    exit 1\nfi\n# This output is used by Xcode 'outputs' to avoid re-running this script phase.\necho \"SUCCESS\" > \"${SCRIPT_OUTPUT_FILE_0}\"\n";
			showEnvVarsInLog = 0;
		};
/* End PBXShellScriptBuildPhase section */

/* Begin PBXSourcesBuildPhase section */
		CD13E67E27BBD02A001BA95E /* Sources */ = {
			isa = PBXSourcesBuildPhase;
			buildActionMask = 2147483647;
			files = (
				CD13E68827BBD02A001BA95E /* ContentView.swift in Sources */,
				CD13E68627BBD02A001BA95E /* ToDoApp.swift in Sources */,
				CD13E69727BBD09A001BA95E /* MyViewModel.swift in Sources */,
				CD13E69927BBD0B4001BA95E /* MyModel.swift in Sources */,
			);
			runOnlyForDeploymentPostprocessing = 0;
		};
/* End PBXSourcesBuildPhase section */

/* Begin XCBuildConfiguration section */
		CD13E68E27BBD02D001BA95E /* Debug */ = {
			isa = XCBuildConfiguration;
			buildSettings = {
				ALWAYS_SEARCH_USER_PATHS = NO;
				CLANG_ANALYZER_NONNULL = YES;
				CLANG_ANALYZER_NUMBER_OBJECT_CONVERSION = YES_AGGRESSIVE;
				CLANG_CXX_LANGUAGE_STANDARD = "gnu++17";
				CLANG_CXX_LIBRARY = "libc++";
				CLANG_ENABLE_MODULES = YES;
				CLANG_ENABLE_OBJC_ARC = YES;
				CLANG_ENABLE_OBJC_WEAK = YES;
				CLANG_WARN_BLOCK_CAPTURE_AUTORELEASING = YES;
				CLANG_WARN_BOOL_CONVERSION = YES;
				CLANG_WARN_COMMA = YES;
				CLANG_WARN_CONSTANT_CONVERSION = YES;
				CLANG_WARN_DEPRECATED_OBJC_IMPLEMENTATIONS = YES;
				CLANG_WARN_DIRECT_OBJC_ISA_USAGE = YES_ERROR;
				CLANG_WARN_DOCUMENTATION_COMMENTS = YES;
				CLANG_WARN_EMPTY_BODY = YES;
				CLANG_WARN_ENUM_CONVERSION = YES;
				CLANG_WARN_INFINITE_RECURSION = YES;
				CLANG_WARN_INT_CONVERSION = YES;
				CLANG_WARN_NON_LITERAL_NULL_CONVERSION = YES;
				CLANG_WARN_OBJC_IMPLICIT_RETAIN_SELF = YES;
				CLANG_WARN_OBJC_LITERAL_CONVERSION = YES;
				CLANG_WARN_OBJC_ROOT_CLASS = YES_ERROR;
				CLANG_WARN_QUOTED_INCLUDE_IN_FRAMEWORK_HEADER = YES;
				CLANG_WARN_RANGE_LOOP_ANALYSIS = YES;
				CLANG_WARN_STRICT_PROTOTYPES = YES;
				CLANG_WARN_SUSPICIOUS_MOVE = YES;
				CLANG_WARN_UNGUARDED_AVAILABILITY = YES_AGGRESSIVE;
				CLANG_WARN_UNREACHABLE_CODE = YES;
				CLANG_WARN__DUPLICATE_METHOD_MATCH = YES;
				COPY_PHASE_STRIP = NO;
				DEBUG_INFORMATION_FORMAT = dwarf;
				ENABLE_STRICT_OBJC_MSGSEND = YES;
				ENABLE_TESTABILITY = YES;
				GCC_C_LANGUAGE_STANDARD = gnu11;
				GCC_DYNAMIC_NO_PIC = NO;
				GCC_NO_COMMON_BLOCKS = YES;
				GCC_OPTIMIZATION_LEVEL = 0;
				GCC_PREPROCESSOR_DEFINITIONS = (
					"DEBUG=1",
					"$(inherited)",
				);
				GCC_WARN_64_TO_32_BIT_CONVERSION = YES;
				GCC_WARN_ABOUT_RETURN_TYPE = YES_ERROR;
				GCC_WARN_UNDECLARED_SELECTOR = YES;
				GCC_WARN_UNINITIALIZED_AUTOS = YES_AGGRESSIVE;
				GCC_WARN_UNUSED_FUNCTION = YES;
				GCC_WARN_UNUSED_VARIABLE = YES;
				IPHONEOS_DEPLOYMENT_TARGET = 15.2;
				MTL_ENABLE_DEBUG_INFO = INCLUDE_SOURCE;
				MTL_FAST_MATH = YES;
				ONLY_ACTIVE_ARCH = YES;
				SDKROOT = iphoneos;
				SWIFT_ACTIVE_COMPILATION_CONDITIONS = DEBUG;
				SWIFT_OPTIMIZATION_LEVEL = "-Onone";
			};
			name = Debug;
		};
		CD13E68F27BBD02D001BA95E /* Release */ = {
			isa = XCBuildConfiguration;
			buildSettings = {
				ALWAYS_SEARCH_USER_PATHS = NO;
				CLANG_ANALYZER_NONNULL = YES;
				CLANG_ANALYZER_NUMBER_OBJECT_CONVERSION = YES_AGGRESSIVE;
				CLANG_CXX_LANGUAGE_STANDARD = "gnu++17";
				CLANG_CXX_LIBRARY = "libc++";
				CLANG_ENABLE_MODULES = YES;
				CLANG_ENABLE_OBJC_ARC = YES;
				CLANG_ENABLE_OBJC_WEAK = YES;
				CLANG_WARN_BLOCK_CAPTURE_AUTORELEASING = YES;
				CLANG_WARN_BOOL_CONVERSION = YES;
				CLANG_WARN_COMMA = YES;
				CLANG_WARN_CONSTANT_CONVERSION = YES;
				CLANG_WARN_DEPRECATED_OBJC_IMPLEMENTATIONS = YES;
				CLANG_WARN_DIRECT_OBJC_ISA_USAGE = YES_ERROR;
				CLANG_WARN_DOCUMENTATION_COMMENTS = YES;
				CLANG_WARN_EMPTY_BODY = YES;
				CLANG_WARN_ENUM_CONVERSION = YES;
				CLANG_WARN_INFINITE_RECURSION = YES;
				CLANG_WARN_INT_CONVERSION = YES;
				CLANG_WARN_NON_LITERAL_NULL_CONVERSION = YES;
				CLANG_WARN_OBJC_IMPLICIT_RETAIN_SELF = YES;
				CLANG_WARN_OBJC_LITERAL_CONVERSION = YES;
				CLANG_WARN_OBJC_ROOT_CLASS = YES_ERROR;
				CLANG_WARN_QUOTED_INCLUDE_IN_FRAMEWORK_HEADER = YES;
				CLANG_WARN_RANGE_LOOP_ANALYSIS = YES;
				CLANG_WARN_STRICT_PROTOTYPES = YES;
				CLANG_WARN_SUSPICIOUS_MOVE = YES;
				CLANG_WARN_UNGUARDED_AVAILABILITY = YES_AGGRESSIVE;
				CLANG_WARN_UNREACHABLE_CODE = YES;
				CLANG_WARN__DUPLICATE_METHOD_MATCH = YES;
				COPY_PHASE_STRIP = NO;
				DEBUG_INFORMATION_FORMAT = "dwarf-with-dsym";
				ENABLE_NS_ASSERTIONS = NO;
				ENABLE_STRICT_OBJC_MSGSEND = YES;
				GCC_C_LANGUAGE_STANDARD = gnu11;
				GCC_NO_COMMON_BLOCKS = YES;
				GCC_WARN_64_TO_32_BIT_CONVERSION = YES;
				GCC_WARN_ABOUT_RETURN_TYPE = YES_ERROR;
				GCC_WARN_UNDECLARED_SELECTOR = YES;
				GCC_WARN_UNINITIALIZED_AUTOS = YES_AGGRESSIVE;
				GCC_WARN_UNUSED_FUNCTION = YES;
				GCC_WARN_UNUSED_VARIABLE = YES;
				IPHONEOS_DEPLOYMENT_TARGET = 15.2;
				MTL_ENABLE_DEBUG_INFO = NO;
				MTL_FAST_MATH = YES;
				SDKROOT = iphoneos;
				SWIFT_COMPILATION_MODE = wholemodule;
				SWIFT_OPTIMIZATION_LEVEL = "-O";
				VALIDATE_PRODUCT = YES;
			};
			name = Release;
		};
		CD13E69127BBD02D001BA95E /* Debug */ = {
			isa = XCBuildConfiguration;
			baseConfigurationReference = A491B74DE99A37DE54BD24EE /* Pods-ToDo.debug.xcconfig */;
			buildSettings = {
				ASSETCATALOG_COMPILER_APPICON_NAME = AppIcon;
				ASSETCATALOG_COMPILER_GLOBAL_ACCENT_COLOR_NAME = AccentColor;
				CODE_SIGN_STYLE = Automatic;
				CURRENT_PROJECT_VERSION = 1;
				DEVELOPMENT_ASSET_PATHS = "\"ToDo/Preview Content\"";
				DEVELOPMENT_TEAM = V84R4H89W9;
				ENABLE_PREVIEWS = YES;
				GENERATE_INFOPLIST_FILE = YES;
				INFOPLIST_KEY_UIApplicationSceneManifest_Generation = YES;
				INFOPLIST_KEY_UIApplicationSupportsIndirectInputEvents = YES;
				INFOPLIST_KEY_UILaunchScreen_Generation = YES;
				INFOPLIST_KEY_UISupportedInterfaceOrientations_iPad = "UIInterfaceOrientationPortrait UIInterfaceOrientationPortraitUpsideDown UIInterfaceOrientationLandscapeLeft UIInterfaceOrientationLandscapeRight";
				INFOPLIST_KEY_UISupportedInterfaceOrientations_iPhone = "UIInterfaceOrientationPortrait UIInterfaceOrientationLandscapeLeft UIInterfaceOrientationLandscapeRight";
				LD_RUNPATH_SEARCH_PATHS = (
					"$(inherited)",
					"@executable_path/Frameworks",
				);
				MARKETING_VERSION = 1.0;
				PRODUCT_BUNDLE_IDENTIFIER = ToDo.ToDo;
				PRODUCT_NAME = "$(TARGET_NAME)";
				SWIFT_EMIT_LOC_STRINGS = YES;
				SWIFT_VERSION = 5.0;
				TARGETED_DEVICE_FAMILY = "1,2";
			};
			name = Debug;
		};
		CD13E69227BBD02D001BA95E /* Release */ = {
			isa = XCBuildConfiguration;
			baseConfigurationReference = CC4ACA0F6B4AD9D7F5C68AA9 /* Pods-ToDo.release.xcconfig */;
			buildSettings = {
				ASSETCATALOG_COMPILER_APPICON_NAME = AppIcon;
				ASSETCATALOG_COMPILER_GLOBAL_ACCENT_COLOR_NAME = AccentColor;
				CODE_SIGN_STYLE = Automatic;
				CURRENT_PROJECT_VERSION = 1;
				DEVELOPMENT_ASSET_PATHS = "\"ToDo/Preview Content\"";
				DEVELOPMENT_TEAM = V84R4H89W9;
				ENABLE_PREVIEWS = YES;
				GENERATE_INFOPLIST_FILE = YES;
				INFOPLIST_KEY_UIApplicationSceneManifest_Generation = YES;
				INFOPLIST_KEY_UIApplicationSupportsIndirectInputEvents = YES;
				INFOPLIST_KEY_UILaunchScreen_Generation = YES;
				INFOPLIST_KEY_UISupportedInterfaceOrientations_iPad = "UIInterfaceOrientationPortrait UIInterfaceOrientationPortraitUpsideDown UIInterfaceOrientationLandscapeLeft UIInterfaceOrientationLandscapeRight";
				INFOPLIST_KEY_UISupportedInterfaceOrientations_iPhone = "UIInterfaceOrientationPortrait UIInterfaceOrientationLandscapeLeft UIInterfaceOrientationLandscapeRight";
				LD_RUNPATH_SEARCH_PATHS = (
					"$(inherited)",
					"@executable_path/Frameworks",
				);
				MARKETING_VERSION = 1.0;
				PRODUCT_BUNDLE_IDENTIFIER = ToDo.ToDo;
				PRODUCT_NAME = "$(TARGET_NAME)";
				SWIFT_EMIT_LOC_STRINGS = YES;
				SWIFT_VERSION = 5.0;
				TARGETED_DEVICE_FAMILY = "1,2";
			};
			name = Release;
		};
/* End XCBuildConfiguration section */

/* Begin XCConfigurationList section */
		CD13E67D27BBD02A001BA95E /* Build configuration list for PBXProject "ToDo" */ = {
			isa = XCConfigurationList;
			buildConfigurations = (
				CD13E68E27BBD02D001BA95E /* Debug */,
				CD13E68F27BBD02D001BA95E /* Release */,
			);
			defaultConfigurationIsVisible = 0;
			defaultConfigurationName = Release;
		};
		CD13E69027BBD02D001BA95E /* Build configuration list for PBXNativeTarget "ToDo" */ = {
			isa = XCConfigurationList;
			buildConfigurations = (
				CD13E69127BBD02D001BA95E /* Debug */,
				CD13E69227BBD02D001BA95E /* Release */,
			);
			defaultConfigurationIsVisible = 0;
			defaultConfigurationName = Release;
		};
/* End XCConfigurationList section */
	};
	rootObject = CD13E67A27BBD02A001BA95E /* Project object */;
}
